
Microsoft Visual Studio Solution File, Format Version 12.00
# Visual Studio 2012
Project("{FAE04EC0-301F-11D3-BF4B-00C04F79EFBC}") = "UnityVS.FinalFantasyTest.CSharp", "UnityVS.FinalFantasyTest.CSharp.csproj", "{2B735D09-07B8-5B4B-7305-79037ADDF061}"
EndProject
Project("{FAE04EC0-301F-11D3-BF4B-00C04F79EFBC}") = "UnityVS.FinalFantasyTest.CSharp.Editor", "UnityVS.FinalFantasyTest.CSharp.Editor.csproj", "{ACF6C514-DDF0-D446-843E-E9210E58A63B}"
EndProject
Global
	GlobalSection(SolutionConfigurationPlatforms) = preSolution
		Debug|Any CPU = Debug|Any CPU
		Release|Any CPU = Release|Any CPU
	EndGlobalSection
	GlobalSection(ProjectConfigurationPlatforms) = postSolution
		{2B735D09-07B8-5B4B-7305-79037ADDF061}.Debug|Any CPU.ActiveCfg = Debug|Any CPU
		{2B735D09-07B8-5B4B-7305-79037ADDF061}.Debug|Any CPU.Build.0 = Debug|Any CPU
		{2B735D09-07B8-5B4B-7305-79037ADDF061}.Release|Any CPU.ActiveCfg = Release|Any CPU
		{2B735D09-07B8-5B4B-7305-79037ADDF061}.Release|Any CPU.Build.0 = Release|Any CPU
		{ACF6C514-DDF0-D446-843E-E9210E58A63B}.Debug|Any CPU.ActiveCfg = Debug|Any CPU
		{ACF6C514-DDF0-D446-843E-E9210E58A63B}.Debug|Any CPU.Build.0 = Debug|Any CPU
		{ACF6C514-DDF0-D446-843E-E9210E58A63B}.Release|Any CPU.ActiveCfg = Release|Any CPU
		{ACF6C514-DDF0-D446-843E-E9210E58A63B}.Release|Any CPU.Build.0 = Release|Any CPU
	EndGlobalSection
	GlobalSection(SolutionProperties) = preSolution
		HideSolutionNode = FALSE
	EndGlobalSection
EndGlobal
